<?xml version="1.0" encoding="utf-8"?>
<Project ToolsVersion="4.0" xmlns="http://schemas.microsoft.com/developer/msbuild/2003">
  <ItemGroup>
    <Filter Include="Source Files">
      <UniqueIdentifier>{4FC737F1-C7A5-4376-A066-2A32D752A2FF}</UniqueIdentifier>
      <Extensions>cpp;c;cc;cxx;def;odl;idl;hpj;bat;asm;asmx</Extensions>
    </Filter>
    <Filter Include="Resource Files">
      <UniqueIdentifier>{67DA6AB6-F800-4c08-8B7A-83BB121AAD01}</UniqueIdentifier>
      <Extensions>rc;ico;cur;bmp;dlg;rc2;rct;bin;rgs;gif;jpg;jpeg;jpe;resx;tiff;tif;png;wav</Extensions>
    </Filter>
    <Filter Include="Header Files">
      <UniqueIdentifier>{f0761018-5541-448b-a728-f9c2a0c78c2b}</UniqueIdentifier>
    </Filter>
  </ItemGroup>
  <ItemGroup>
    <Image Include="wx\msw\std.ico">
      <Filter>Resource Files</Filter>
    </Image>
    <Image Include="wx\msw\folder1.ico">
      <Filter>Resource Files</Filter>
    </Image>
    <Image Include="wx\msw\folder2.ico">
      <Filter>Resource Files</Filter>
    </Image>
    <Image Include="wx\msw\file1.ico">
      <Filter>Resource Files</Filter>
    </Image>
    <Image Include="wx\msw\computer.ico">
      <Filter>Resource Files</Filter>
    </Image>
    <Image Include="wx\msw\drive.ico">
      <Filter>Resource Files</Filter>
    </Image>
    <Image Include="wx\msw\cdrom.ico">
      <Filter>Resource Files</Filter>
    </Image>
    <Image Include="wx\msw\floppy.ico">
      <Filter>Resource Files</Filter>
    </Image>
    <Image Include="wx\msw\removble.ico">
      <Filter>Resource Files</Filter>
    </Image>
    <Image Include="wx\msw\csquery.bmp">
      <Filter>Resource Files</Filter>
    </Image>
    <Image Include="wx\msw\colours.bmp">
      <Filter>Resource Files</Filter>
    </Image>
    <Image Include="resource\bridge_x1.jpg">
      <Filter>Resource Files</Filter>
    </Image>
    <Image Include="resource\bridge_x2.jpg">
      <Filter>Resource Files</Filter>
    </Image>
    <Image Include="resource\bridge_x3.jpg">
      <Filter>Resource Files</Filter>
    </Image>
    <Image Include="resource\bridge_x4.jpg">
      <Filter>Resource Files</Filter>
    </Image>
    <Image Include="resource\wxwin.ico">
      <Filter>Resource Files</Filter>
    </Image>
    <Image Include="resource\bridge_x0.jpg">
      <Filter>Resource Files</Filter>
    </Image>
    <Image Include="resource\bridge_x5.jpg">
      <Filter>Resource Files</Filter>
    </Image>
  </ItemGroup>
  <ItemGroup>
    <ResourceCompile Include="resource\BridgeWx.rc">
      <Filter>Resource Files</Filter>
    </ResourceCompile>
  </ItemGroup>
  <ItemGroup>
    <None Include="wx\msw\hand.cur">
      <Filter>Resource Files</Filter>
    </None>
    <None Include="wx\msw\bullseye.cur">
      <Filter>Resource Files</Filter>
    </None>
    <None Include="wx\msw\pencil.cur">
      <Filter>Resource Files</Filter>
    </None>
    <None Include="wx\msw\magnif1.cur">
      <Filter>Resource Files</Filter>
    </None>
    <None Include="wx\msw\roller.cur">
      <Filter>Resource Files</Filter>
    </None>
    <None Include="wx\msw\pbrush.cur">
      <Filter>Resource Files</Filter>
    </None>
    <None Include="wx\msw\pntleft.cur">
      <Filter>Resource Files</Filter>
    </None>
    <None Include="wx\msw\pntright.cur">
      <Filter>Resource Files</Filter>
    </None>
    <None Include="wx\msw\blank.cur">
      <Filter>Resource Files</Filter>
    </None>
    <None Include="wx\msw\cross.cur">
      <Filter>Resource Files</Filter>
    </None>
  </ItemGroup>
  <ItemGroup>
    <ClCompile Include="src\assignNames.cpp">
      <Filter>Source Files</Filter>
    </ClCompile>
    <ClCompile Include="src\baseframe.cpp">
      <Filter>Source Files</Filter>
    </ClCompile>
    <ClCompile Include="src\calcScore.cpp">
      <Filter>Source Files</Filter>
    </ClCompile>
    <ClCompile Include="src\cfg.cpp">
      <Filter>Source Files</Filter>
    </ClCompile>
    <ClCompile Include="src\Corrections.cpp">
      <Filter>Source Files</Filter>
    </ClCompile>
    <ClCompile Include="src\correctionsEnd.cpp">
      <Filter>Source Files</Filter>
    </ClCompile>
    <ClCompile Include="src\correctionsSession.cpp">
      <Filter>Source Files</Filter>
    </ClCompile>
    <ClCompile Include="src\database.cpp">
      <Filter>Source Files</Filter>
    </ClCompile>
    <ClCompile Include="src\debug.cpp">
      <Filter>Source Files</Filter>
    </ClCompile>
    <ClCompile Include="src\choiceMC.cpp">
      <Filter>Source Files</Filter>
    </ClCompile>
    <ClCompile Include="src\fileIo.cpp">
      <Filter>Source Files</Filter>
    </ClCompile>
    <ClCompile Include="src\orgInterface.cpp">
      <Filter>Source Files</Filter>
    </ClCompile>
    <ClCompile Include="src\score.cpp">
      <Filter>Source Files</Filter>
    </ClCompile>
    <ClCompile Include="src\scoreEntry.cpp">
      <Filter>Source Files</Filter>
    </ClCompile>
    <ClCompile Include="src\setupNewMatch.cpp">
      <Filter>Source Files</Filter>
    </ClCompile>
    <ClCompile Include="src\setupPrinter.cpp">
      <Filter>Source Files</Filter>
    </ClCompile>
    <ClCompile Include="src\schemaData.cpp">
      <Filter>Source Files</Filter>
    </ClCompile>
    <ClCompile Include="src\mygrid.cpp">
      <Filter>Source Files</Filter>
    </ClCompile>
    <ClCompile Include="src\mylog.cpp">
      <Filter>Source Files</Filter>
    </ClCompile>
    <ClCompile Include="src\nameEditor.cpp">
      <Filter>Source Files</Filter>
    </ClCompile>
    <ClCompile Include="src\main.cpp">
      <Filter>Source Files</Filter>
    </ClCompile>
    <ClCompile Include="src\printer.cpp">
      <Filter>Source Files</Filter>
    </ClCompile>
    <ClCompile Include="src\schemaInfo.cpp">
      <Filter>Source Files</Filter>
    </ClCompile>
    <ClCompile Include="src\names.cpp">
      <Filter>Source Files</Filter>
    </ClCompile>
    <ClCompile Include="src\setupGame.cpp">
      <Filter>Source Files</Filter>
    </ClCompile>
    <ClCompile Include="src\setupSchema.cpp">
      <Filter>Source Files</Filter>
    </ClCompile>
    <ClCompile Include="src\showStartImage.cpp">
      <Filter>Source Files</Filter>
    </ClCompile>
    <ClCompile Include="src\statusbar.cpp">
      <Filter>Source Files</Filter>
    </ClCompile>
    <ClCompile Include="src\utils.cpp">
      <Filter>Source Files</Filter>
    </ClCompile>
    <ClCompile Include="src\wxsysinfoframe.cpp">
      <Filter>Source Files</Filter>
    </ClCompile>
    <ClCompile Include="src\importExportSchema.cpp">
      <Filter>Source Files</Filter>
    </ClCompile>
  </ItemGroup>
  <ItemGroup>
    <ClInclude Include="src\assignNames.h">
      <Filter>Header Files</Filter>
    </ClInclude>
    <ClInclude Include="src\baseframe.h">
      <Filter>Header Files</Filter>
    </ClInclude>
    <ClInclude Include="src\buildDate.h">
      <Filter>Header Files</Filter>
    </ClInclude>
    <ClInclude Include="src\calcScore.h">
      <Filter>Header Files</Filter>
    </ClInclude>
    <ClInclude Include="src\cfg.h">
      <Filter>Header Files</Filter>
    </ClInclude>
    <ClInclude Include="src\choiceMC.h">
      <Filter>Header Files</Filter>
    </ClInclude>
    <ClInclude Include="src\corrections.h">
      <Filter>Header Files</Filter>
    </ClInclude>
    <ClInclude Include="src\correctionsEnd.h">
      <Filter>Header Files</Filter>
    </ClInclude>
    <ClInclude Include="src\correctionsSession.h">
      <Filter>Header Files</Filter>
    </ClInclude>
    <ClInclude Include="src\database.h">
      <Filter>Header Files</Filter>
    </ClInclude>
    <ClInclude Include="src\dbkeys.h">
      <Filter>Header Files</Filter>
    </ClInclude>
    <ClInclude Include="src\debug.h">
      <Filter>Header Files</Filter>
    </ClInclude>
    <ClInclude Include="src\fileIo.h">
      <Filter>Header Files</Filter>
    </ClInclude>
    <ClInclude Include="src\mygrid.h">
      <Filter>Header Files</Filter>
    </ClInclude>
    <ClInclude Include="src\mylog.h">
      <Filter>Header Files</Filter>
    </ClInclude>
    <ClInclude Include="src\nameEditor.h">
      <Filter>Header Files</Filter>
    </ClInclude>
    <ClInclude Include="src\names.h">
      <Filter>Header Files</Filter>
    </ClInclude>
    <ClInclude Include="src\orgInterface.h">
      <Filter>Header Files</Filter>
    </ClInclude>
    <ClInclude Include="src\printer.h">
      <Filter>Header Files</Filter>
    </ClInclude>
    <ClInclude Include="src\schemaData.h">
      <Filter>Header Files</Filter>
    </ClInclude>
    <ClInclude Include="src\schemaInfo.h">
      <Filter>Header Files</Filter>
    </ClInclude>
    <ClInclude Include="src\score.h">
      <Filter>Header Files</Filter>
    </ClInclude>
    <ClInclude Include="src\scoreEntry.h">
      <Filter>Header Files</Filter>
    </ClInclude>
    <ClInclude Include="src\setupGame.h">
      <Filter>Header Files</Filter>
    </ClInclude>
    <ClInclude Include="src\setupNewMatch.h">
      <Filter>Header Files</Filter>
    </ClInclude>
    <ClInclude Include="src\setupPrinter.h">
      <Filter>Header Files</Filter>
    </ClInclude>
    <ClInclude Include="src\setupSchema.h">
      <Filter>Header Files</Filter>
    </ClInclude>
    <ClInclude Include="src\ShowStartImage.h">
      <Filter>Header Files</Filter>
    </ClInclude>
    <ClInclude Include="src\statusbar.h">
      <Filter>Header Files</Filter>
    </ClInclude>
    <ClInclude Include="src\utils.h">
      <Filter>Header Files</Filter>
    </ClInclude>
    <ClInclude Include="src\version.h">
      <Filter>Header Files</Filter>
    </ClInclude>
    <ClInclude Include="src\wxsysinfoframe.h">
      <Filter>Header Files</Filter>
    </ClInclude>
    <ClInclude Include="src\importExportSchema.h">
      <Filter>Header Files</Filter>
    </ClInclude>
  </ItemGroup>
</Project>